
Microsoft Visual Studio Solution File, Format Version 12.00
# Visual Studio Version 17
VisualStudioVersion = 17.4.33403.182
MinimumVisualStudioVersion = 10.0.40219.1
Project("{FAE04EC0-301F-11D3-BF4B-00C04F79EFBC}") = "Exception_Handling_Assignment", "Exception_Handling_Assignment\Exception_Handling_Assignment.csproj", "{00004A80-F121-4588-988D-3D668D99A6E4}"
EndProject
Global
	GlobalSection(SolutionConfigurationPlatforms) = preSolution
		Debug|Any CPU = Debug|Any CPU
		Release|Any CPU = Release|Any CPU
	EndGlobalSection
	GlobalSection(ProjectConfigurationPlatforms) = postSolution
		{00004A80-F121-4588-988D-3D668D99A6E4}.Debug|Any CPU.ActiveCfg = Debug|Any CPU
		{00004A80-F121-4588-988D-3D668D99A6E4}.Debug|Any CPU.Build.0 = Debug|Any CPU
		{00004A80-F121-4588-988D-3D668D99A6E4}.Release|Any CPU.ActiveCfg = Release|Any CPU
		{00004A80-F121-4588-988D-3D668D99A6E4}.Release|Any CPU.Build.0 = Release|Any CPU
	EndGlobalSection
	GlobalSection(SolutionProperties) = preSolution
		HideSolutionNode = FALSE
	EndGlobalSection
	GlobalSection(ExtensibilityGlobals) = postSolution
		SolutionGuid = {DB07B263-DCA6-4184-A278-953A3744E9F7}
	EndGlobalSection
EndGlobal
